
Microsoft Visual Studio Solution File, Format Version 12.00
# Visual Studio Version 17
VisualStudioVersion = 17.11.35327.3
MinimumVisualStudioVersion = 10.0.40219.1
Project("{FAE04EC0-301F-11D3-BF4B-00C04F79EFBC}") = "FoodProject", "FoodProject\FoodProject.csproj", "{A7BD4EE6-4C55-461A-8783-6A705620CEDA}"
EndProject
Global
	GlobalSection(SolutionConfigurationPlatforms) = preSolution
		Debug|Any CPU = Debug|Any CPU
		Release|Any CPU = Release|Any CPU
	EndGlobalSection
	GlobalSection(ProjectConfigurationPlatforms) = postSolution
		{A7BD4EE6-4C55-461A-8783-6A705620CEDA}.Debug|Any CPU.ActiveCfg = Debug|Any CPU
		{A7BD4EE6-4C55-461A-8783-6A705620CEDA}.Debug|Any CPU.Build.0 = Debug|Any CPU
		{A7BD4EE6-4C55-461A-8783-6A705620CEDA}.Release|Any CPU.ActiveCfg = Release|Any CPU
		{A7BD4EE6-4C55-461A-8783-6A705620CEDA}.Release|Any CPU.Build.0 = Release|Any CPU
	EndGlobalSection
	GlobalSection(SolutionProperties) = preSolution
		HideSolutionNode = FALSE
	EndGlobalSection
	GlobalSection(ExtensibilityGlobals) = postSolution
		SolutionGuid = {2F3B442F-2D28-4CDA-9D6F-AD67D17D5C18}
	EndGlobalSection
EndGlobal
